// !$*UTF8*$!
{
	archiveVersion = 1;
	classes = {
	};
	objectVersion = 55;
	objects = {

/* Begin PBXBuildFile section */
		013B2863FF269F1FF971E3A4 /* Pods_DisneyCharApp.framework in Frameworks */ = {isa = PBXBuildFile; fileRef = 9BD98CD8038548ED2F6D79A7 /* Pods_DisneyCharApp.framework */; };
		3B0C2CE328CFA84300D207B1 /* AppDelegate.swift in Sources */ = {isa = PBXBuildFile; fileRef = 3B0C2CE228CFA84300D207B1 /* AppDelegate.swift */; };
		3B0C2CE728CFA84300D207B1 /* ViewController.swift in Sources */ = {isa = PBXBuildFile; fileRef = 3B0C2CE628CFA84300D207B1 /* ViewController.swift */; };
		3B0C2CEA28CFA84300D207B1 /* Main.storyboard in Resources */ = {isa = PBXBuildFile; fileRef = 3B0C2CE828CFA84300D207B1 /* Main.storyboard */; };
		3B0C2CEC28CFA84700D207B1 /* Assets.xcassets in Resources */ = {isa = PBXBuildFile; fileRef = 3B0C2CEB28CFA84700D207B1 /* Assets.xcassets */; };
		3B0C2CEF28CFA84700D207B1 /* LaunchScreen.storyboard in Resources */ = {isa = PBXBuildFile; fileRef = 3B0C2CED28CFA84700D207B1 /* LaunchScreen.storyboard */; };
		3B0C2CFA28CFA84800D207B1 /* DisneyCharAppTests.swift in Sources */ = {isa = PBXBuildFile; fileRef = 3B0C2CF928CFA84800D207B1 /* DisneyCharAppTests.swift */; };
		3B0C2D0428CFA84800D207B1 /* DisneyCharAppUITests.swift in Sources */ = {isa = PBXBuildFile; fileRef = 3B0C2D0328CFA84800D207B1 /* DisneyCharAppUITests.swift */; };
		3B0C2D0628CFA84800D207B1 /* DisneyCharAppUITestsLaunchTests.swift in Sources */ = {isa = PBXBuildFile; fileRef = 3B0C2D0528CFA84800D207B1 /* DisneyCharAppUITestsLaunchTests.swift */; };
		3B9E90DE28CFD57B009BC5A5 /* ObjectDataSource.swift in Sources */ = {isa = PBXBuildFile; fileRef = 3B9E90DD28CFD57B009BC5A5 /* ObjectDataSource.swift */; };
		3B9E90E228CFD9F5009BC5A5 /* CharacterViewCell.swift in Sources */ = {isa = PBXBuildFile; fileRef = 3B9E90E028CFD9F5009BC5A5 /* CharacterViewCell.swift */; };
		3B9E90E328CFD9F5009BC5A5 /* CharacterViewCell.xib in Resources */ = {isa = PBXBuildFile; fileRef = 3B9E90E128CFD9F5009BC5A5 /* CharacterViewCell.xib */; };
		3B9E90E628D0DFE3009BC5A5 /* Characters.swift in Sources */ = {isa = PBXBuildFile; fileRef = 3B9E90E528D0DFE3009BC5A5 /* Characters.swift */; };
		3B9E90EB28D0E442009BC5A5 /* AppConfing.swift in Sources */ = {isa = PBXBuildFile; fileRef = 3B9E90EA28D0E442009BC5A5 /* AppConfing.swift */; };
		3B9E90F128D0EAA6009BC5A5 /* APIService.swift in Sources */ = {isa = PBXBuildFile; fileRef = 3B9E90F028D0EAA6009BC5A5 /* APIService.swift */; };
		3B9E90F328D0EB88009BC5A5 /* RequestBuilder.swift in Sources */ = {isa = PBXBuildFile; fileRef = 3B9E90F228D0EB88009BC5A5 /* RequestBuilder.swift */; };
		3B9E90F528D0EBDF009BC5A5 /* APISession.swift in Sources */ = {isa = PBXBuildFile; fileRef = 3B9E90F428D0EBDF009BC5A5 /* APISession.swift */; };
		3B9E90F728D0EC9A009BC5A5 /* APIError.swift in Sources */ = {isa = PBXBuildFile; fileRef = 3B9E90F628D0EC9A009BC5A5 /* APIError.swift */; };
		3BC9583328CFB01500FEAEA0 /* Storyboarded.swift in Sources */ = {isa = PBXBuildFile; fileRef = 3BC9583228CFB01500FEAEA0 /* Storyboarded.swift */; };
		3BC9583528CFB02700FEAEA0 /* Coordinator.swift in Sources */ = {isa = PBXBuildFile; fileRef = 3BC9583428CFB02700FEAEA0 /* Coordinator.swift */; };
		3BC9583828CFB0E500FEAEA0 /* MainCoordinator.swift in Sources */ = {isa = PBXBuildFile; fileRef = 3BC9583728CFB0E500FEAEA0 /* MainCoordinator.swift */; };
		3BC9583A28CFB46A00FEAEA0 /* DetailViewController.swift in Sources */ = {isa = PBXBuildFile; fileRef = 3BC9583928CFB46A00FEAEA0 /* DetailViewController.swift */; };
		574E570E4759233E5D013A53 /* Pods_DisneyCharAppTests.framework in Frameworks */ = {isa = PBXBuildFile; fileRef = B02C2815FAE0B3FA9C45320C /* Pods_DisneyCharAppTests.framework */; };
		6037343456A91ECCE069DF4B /* AllCharacters.swift in Sources */ = {isa = PBXBuildFile; fileRef = 60373D3B138BDC3C03BB7D38 /* AllCharacters.swift */; };
		BD97A93B83517AE8A17C3C97 /* Pods_DisneyCharApp_DisneyCharAppUITests.framework in Frameworks */ = {isa = PBXBuildFile; fileRef = 84B4FFA447817DD31AD45C4F /* Pods_DisneyCharApp_DisneyCharAppUITests.framework */; };
/* End PBXBuildFile section */

/* Begin PBXContainerItemProxy section */
		3B0C2CF628CFA84800D207B1 /* PBXContainerItemProxy */ = {
			isa = PBXContainerItemProxy;
			containerPortal = 3B0C2CD728CFA84300D207B1 /* Project object */;
			proxyType = 1;
			remoteGlobalIDString = 3B0C2CDE28CFA84300D207B1;
			remoteInfo = DisneyCharApp;
		};
		3B0C2D0028CFA84800D207B1 /* PBXContainerItemProxy */ = {
			isa = PBXContainerItemProxy;
			containerPortal = 3B0C2CD728CFA84300D207B1 /* Project object */;
			proxyType = 1;
			remoteGlobalIDString = 3B0C2CDE28CFA84300D207B1;
			remoteInfo = DisneyCharApp;
		};
/* End PBXContainerItemProxy section */

/* Begin PBXFileReference section */
		0616ED273F399D84C732CA96 /* Pods-DisneyCharApp-DisneyCharAppUITests.debug.xcconfig */ = {isa = PBXFileReference; includeInIndex = 1; lastKnownFileType = text.xcconfig; name = "Pods-DisneyCharApp-DisneyCharAppUITests.debug.xcconfig"; path = "Target Support Files/Pods-DisneyCharApp-DisneyCharAppUITests/Pods-DisneyCharApp-DisneyCharAppUITests.debug.xcconfig"; sourceTree = "<group>"; };
		3A40F66A7376CE36DFDA67C0 /* Pods-DisneyCharApp.release.xcconfig */ = {isa = PBXFileReference; includeInIndex = 1; lastKnownFileType = text.xcconfig; name = "Pods-DisneyCharApp.release.xcconfig"; path = "Target Support Files/Pods-DisneyCharApp/Pods-DisneyCharApp.release.xcconfig"; sourceTree = "<group>"; };
		3B0C2CDF28CFA84300D207B1 /* DisneyCharApp.app */ = {isa = PBXFileReference; explicitFileType = wrapper.application; includeInIndex = 0; path = DisneyCharApp.app; sourceTree = BUILT_PRODUCTS_DIR; };
		3B0C2CE228CFA84300D207B1 /* AppDelegate.swift */ = {isa = PBXFileReference; lastKnownFileType = sourcecode.swift; path = AppDelegate.swift; sourceTree = "<group>"; };
		3B0C2CE628CFA84300D207B1 /* ViewController.swift */ = {isa = PBXFileReference; lastKnownFileType = sourcecode.swift; path = ViewController.swift; sourceTree = "<group>"; };
		3B0C2CE928CFA84300D207B1 /* Base */ = {isa = PBXFileReference; lastKnownFileType = file.storyboard; name = Base; path = Base.lproj/Main.storyboard; sourceTree = "<group>"; };
		3B0C2CEB28CFA84700D207B1 /* Assets.xcassets */ = {isa = PBXFileReference; lastKnownFileType = folder.assetcatalog; path = Assets.xcassets; sourceTree = "<group>"; };
		3B0C2CEE28CFA84700D207B1 /* Base */ = {isa = PBXFileReference; lastKnownFileType = file.storyboard; name = Base; path = Base.lproj/LaunchScreen.storyboard; sourceTree = "<group>"; };
		3B0C2CF028CFA84700D207B1 /* Info.plist */ = {isa = PBXFileReference; lastKnownFileType = text.plist.xml; path = Info.plist; sourceTree = "<group>"; };
		3B0C2CF528CFA84800D207B1 /* DisneyCharAppTests.xctest */ = {isa = PBXFileReference; explicitFileType = wrapper.cfbundle; includeInIndex = 0; path = DisneyCharAppTests.xctest; sourceTree = BUILT_PRODUCTS_DIR; };
		3B0C2CF928CFA84800D207B1 /* DisneyCharAppTests.swift */ = {isa = PBXFileReference; lastKnownFileType = sourcecode.swift; path = DisneyCharAppTests.swift; sourceTree = "<group>"; };
		3B0C2CFF28CFA84800D207B1 /* DisneyCharAppUITests.xctest */ = {isa = PBXFileReference; explicitFileType = wrapper.cfbundle; includeInIndex = 0; path = DisneyCharAppUITests.xctest; sourceTree = BUILT_PRODUCTS_DIR; };
		3B0C2D0328CFA84800D207B1 /* DisneyCharAppUITests.swift */ = {isa = PBXFileReference; lastKnownFileType = sourcecode.swift; path = DisneyCharAppUITests.swift; sourceTree = "<group>"; };
		3B0C2D0528CFA84800D207B1 /* DisneyCharAppUITestsLaunchTests.swift */ = {isa = PBXFileReference; lastKnownFileType = sourcecode.swift; path = DisneyCharAppUITestsLaunchTests.swift; sourceTree = "<group>"; };
		3B9E90DD28CFD57B009BC5A5 /* ObjectDataSource.swift */ = {isa = PBXFileReference; lastKnownFileType = sourcecode.swift; path = ObjectDataSource.swift; sourceTree = "<group>"; };
		3B9E90E028CFD9F5009BC5A5 /* CharacterViewCell.swift */ = {isa = PBXFileReference; lastKnownFileType = sourcecode.swift; path = CharacterViewCell.swift; sourceTree = "<group>"; };
		3B9E90E128CFD9F5009BC5A5 /* CharacterViewCell.xib */ = {isa = PBXFileReference; lastKnownFileType = file.xib; path = CharacterViewCell.xib; sourceTree = "<group>"; };
		3B9E90E528D0DFE3009BC5A5 /* Characters.swift */ = {isa = PBXFileReference; lastKnownFileType = sourcecode.swift; path = Characters.swift; sourceTree = "<group>"; };
		3B9E90EA28D0E442009BC5A5 /* AppConfing.swift */ = {isa = PBXFileReference; lastKnownFileType = sourcecode.swift; path = AppConfing.swift; sourceTree = "<group>"; };
		3B9E90F028D0EAA6009BC5A5 /* APIService.swift */ = {isa = PBXFileReference; lastKnownFileType = sourcecode.swift; path = APIService.swift; sourceTree = "<group>"; };
		3B9E90F228D0EB88009BC5A5 /* RequestBuilder.swift */ = {isa = PBXFileReference; lastKnownFileType = sourcecode.swift; path = RequestBuilder.swift; sourceTree = "<group>"; };
		3B9E90F428D0EBDF009BC5A5 /* APISession.swift */ = {isa = PBXFileReference; lastKnownFileType = sourcecode.swift; path = APISession.swift; sourceTree = "<group>"; };
		3B9E90F628D0EC9A009BC5A5 /* APIError.swift */ = {isa = PBXFileReference; lastKnownFileType = sourcecode.swift; path = APIError.swift; sourceTree = "<group>"; };
		3BC9583228CFB01500FEAEA0 /* Storyboarded.swift */ = {isa = PBXFileReference; lastKnownFileType = sourcecode.swift; path = Storyboarded.swift; sourceTree = "<group>"; };
		3BC9583428CFB02700FEAEA0 /* Coordinator.swift */ = {isa = PBXFileReference; lastKnownFileType = sourcecode.swift; path = Coordinator.swift; sourceTree = "<group>"; };
		3BC9583728CFB0E500FEAEA0 /* MainCoordinator.swift */ = {isa = PBXFileReference; lastKnownFileType = sourcecode.swift; path = MainCoordinator.swift; sourceTree = "<group>"; };
		3BC9583928CFB46A00FEAEA0 /* DetailViewController.swift */ = {isa = PBXFileReference; lastKnownFileType = sourcecode.swift; path = DetailViewController.swift; sourceTree = "<group>"; };
		478105AC272BA72E35BDC2D2 /* Pods-DisneyCharAppTests.release.xcconfig */ = {isa = PBXFileReference; includeInIndex = 1; lastKnownFileType = text.xcconfig; name = "Pods-DisneyCharAppTests.release.xcconfig"; path = "Target Support Files/Pods-DisneyCharAppTests/Pods-DisneyCharAppTests.release.xcconfig"; sourceTree = "<group>"; };
		594FE3F17AA2B47B8798BBB3 /* Pods-DisneyCharApp-DisneyCharAppUITests.release.xcconfig */ = {isa = PBXFileReference; includeInIndex = 1; lastKnownFileType = text.xcconfig; name = "Pods-DisneyCharApp-DisneyCharAppUITests.release.xcconfig"; path = "Target Support Files/Pods-DisneyCharApp-DisneyCharAppUITests/Pods-DisneyCharApp-DisneyCharAppUITests.release.xcconfig"; sourceTree = "<group>"; };
		60373D3B138BDC3C03BB7D38 /* AllCharacters.swift */ = {isa = PBXFileReference; fileEncoding = 4; lastKnownFileType = sourcecode.swift; path = AllCharacters.swift; sourceTree = "<group>"; };
		84B4FFA447817DD31AD45C4F /* Pods_DisneyCharApp_DisneyCharAppUITests.framework */ = {isa = PBXFileReference; explicitFileType = wrapper.framework; includeInIndex = 0; path = Pods_DisneyCharApp_DisneyCharAppUITests.framework; sourceTree = BUILT_PRODUCTS_DIR; };
		8E8637F74AA8511FAE6A9293 /* Pods-DisneyCharAppTests.debug.xcconfig */ = {isa = PBXFileReference; includeInIndex = 1; lastKnownFileType = text.xcconfig; name = "Pods-DisneyCharAppTests.debug.xcconfig"; path = "Target Support Files/Pods-DisneyCharAppTests/Pods-DisneyCharAppTests.debug.xcconfig"; sourceTree = "<group>"; };
		9BD98CD8038548ED2F6D79A7 /* Pods_DisneyCharApp.framework */ = {isa = PBXFileReference; explicitFileType = wrapper.framework; includeInIndex = 0; path = Pods_DisneyCharApp.framework; sourceTree = BUILT_PRODUCTS_DIR; };
		B02C2815FAE0B3FA9C45320C /* Pods_DisneyCharAppTests.framework */ = {isa = PBXFileReference; explicitFileType = wrapper.framework; includeInIndex = 0; path = Pods_DisneyCharAppTests.framework; sourceTree = BUILT_PRODUCTS_DIR; };
		B578C927CD7A5F1B6E126755 /* Pods-DisneyCharApp.debug.xcconfig */ = {isa = PBXFileReference; includeInIndex = 1; lastKnownFileType = text.xcconfig; name = "Pods-DisneyCharApp.debug.xcconfig"; path = "Target Support Files/Pods-DisneyCharApp/Pods-DisneyCharApp.debug.xcconfig"; sourceTree = "<group>"; };
/* End PBXFileReference section */

/* Begin PBXFrameworksBuildPhase section */
		3B0C2CDC28CFA84300D207B1 /* Frameworks */ = {
			isa = PBXFrameworksBuildPhase;
			buildActionMask = 2147483647;
			files = (
				013B2863FF269F1FF971E3A4 /* Pods_DisneyCharApp.framework in Frameworks */,
			);
			runOnlyForDeploymentPostprocessing = 0;
		};
		3B0C2CF228CFA84800D207B1 /* Frameworks */ = {
			isa = PBXFrameworksBuildPhase;
			buildActionMask = 2147483647;
			files = (
				574E570E4759233E5D013A53 /* Pods_DisneyCharAppTests.framework in Frameworks */,
			);
			runOnlyForDeploymentPostprocessing = 0;
		};
		3B0C2CFC28CFA84800D207B1 /* Frameworks */ = {
			isa = PBXFrameworksBuildPhase;
			buildActionMask = 2147483647;
			files = (
				BD97A93B83517AE8A17C3C97 /* Pods_DisneyCharApp_DisneyCharAppUITests.framework in Frameworks */,
			);
			runOnlyForDeploymentPostprocessing = 0;
		};
/* End PBXFrameworksBuildPhase section */

/* Begin PBXGroup section */
		3B0C2CD628CFA84300D207B1 = {
			isa = PBXGroup;
			children = (
				3B0C2CE128CFA84300D207B1 /* DisneyCharApp */,
				3B0C2CF828CFA84800D207B1 /* DisneyCharAppTests */,
				3B0C2D0228CFA84800D207B1 /* DisneyCharAppUITests */,
				3B0C2CE028CFA84300D207B1 /* Products */,
				8841BB37792A2E0F2299247A /* Pods */,
				CBFB31F9E9553C409F272E97 /* Frameworks */,
			);
			sourceTree = "<group>";
		};
		3B0C2CE028CFA84300D207B1 /* Products */ = {
			isa = PBXGroup;
			children = (
				3B0C2CDF28CFA84300D207B1 /* DisneyCharApp.app */,
				3B0C2CF528CFA84800D207B1 /* DisneyCharAppTests.xctest */,
				3B0C2CFF28CFA84800D207B1 /* DisneyCharAppUITests.xctest */,
			);
			name = Products;
			sourceTree = "<group>";
		};
		3B0C2CE128CFA84300D207B1 /* DisneyCharApp */ = {
			isa = PBXGroup;
			children = (
				3B9E90EC28D0E776009BC5A5 /* Networking */,
				3B9E90E828D0E129009BC5A5 /* Configuration */,
				3B9E90E428D0DFCC009BC5A5 /* Models */,
				3BC9583628CFB0D400FEAEA0 /* Coordinators */,
				3BC9583128CFAFFB00FEAEA0 /* Protocols */,
				3B0C2CE228CFA84300D207B1 /* AppDelegate.swift */,
				3B0C2D1928CFADDC00D207B1 /* ViewControllers */,
				3B9E90DF28CFD9CD009BC5A5 /* Views */,
				3B9E90E728D0E114009BC5A5 /* Misc */,
				3B9E90DD28CFD57B009BC5A5 /* ObjectDataSource.swift */,
			);
			path = DisneyCharApp;
			sourceTree = "<group>";
		};
		3B0C2CF828CFA84800D207B1 /* DisneyCharAppTests */ = {
			isa = PBXGroup;
			children = (
				3B0C2CF928CFA84800D207B1 /* DisneyCharAppTests.swift */,
			);
			path = DisneyCharAppTests;
			sourceTree = "<group>";
		};
		3B0C2D0228CFA84800D207B1 /* DisneyCharAppUITests */ = {
			isa = PBXGroup;
			children = (
				3B0C2D0328CFA84800D207B1 /* DisneyCharAppUITests.swift */,
				3B0C2D0528CFA84800D207B1 /* DisneyCharAppUITestsLaunchTests.swift */,
			);
			path = DisneyCharAppUITests;
			sourceTree = "<group>";
		};
		3B0C2D1928CFADDC00D207B1 /* ViewControllers */ = {
			isa = PBXGroup;
			children = (
				3B0C2CE628CFA84300D207B1 /* ViewController.swift */,
				3BC9583928CFB46A00FEAEA0 /* DetailViewController.swift */,
			);
			path = ViewControllers;
			sourceTree = "<group>";
		};
		3B9E90DF28CFD9CD009BC5A5 /* Views */ = {
			isa = PBXGroup;
			children = (
				3B0C2CE828CFA84300D207B1 /* Main.storyboard */,
				3B0C2CED28CFA84700D207B1 /* LaunchScreen.storyboard */,
				3B9E90E028CFD9F5009BC5A5 /* CharacterViewCell.swift */,
				3B9E90E128CFD9F5009BC5A5 /* CharacterViewCell.xib */,
			);
			path = Views;
			sourceTree = "<group>";
		};
		3B9E90E428D0DFCC009BC5A5 /* Models */ = {
			isa = PBXGroup;
			children = (
				3B9E90E528D0DFE3009BC5A5 /* Characters.swift */,
				3B9E90F628D0EC9A009BC5A5 /* APIError.swift */,
			);
			path = Models;
			sourceTree = "<group>";
		};
		3B9E90E728D0E114009BC5A5 /* Misc */ = {
			isa = PBXGroup;
			children = (
				3B0C2CEB28CFA84700D207B1 /* Assets.xcassets */,
				3B0C2CF028CFA84700D207B1 /* Info.plist */,
			);
			path = Misc;
			sourceTree = "<group>";
		};
		3B9E90E828D0E129009BC5A5 /* Configuration */ = {
			isa = PBXGroup;
			children = (
				3B9E90EA28D0E442009BC5A5 /* AppConfing.swift */,
			);
			path = Configuration;
			sourceTree = "<group>";
		};
		3B9E90EC28D0E776009BC5A5 /* Networking */ = {
			isa = PBXGroup;
			children = (
				3B9E90F028D0EAA6009BC5A5 /* APIService.swift */,
				3B9E90EF28D0EA96009BC5A5 /* Services */,
				3B9E90F228D0EB88009BC5A5 /* RequestBuilder.swift */,
				3B9E90F428D0EBDF009BC5A5 /* APISession.swift */,
				60373D238E30AAE13152AA64 /* Endpoints */,
			);
			path = Networking;
			sourceTree = "<group>";
		};
		3B9E90EF28D0EA96009BC5A5 /* Services */ = {
			isa = PBXGroup;
			children = (
			);
			path = Services;
			sourceTree = "<group>";
		};
		3BC9583128CFAFFB00FEAEA0 /* Protocols */ = {
			isa = PBXGroup;
			children = (
				3BC9583228CFB01500FEAEA0 /* Storyboarded.swift */,
				3BC9583428CFB02700FEAEA0 /* Coordinator.swift */,
			);
			path = Protocols;
			sourceTree = "<group>";
		};
		3BC9583628CFB0D400FEAEA0 /* Coordinators */ = {
			isa = PBXGroup;
			children = (
				3BC9583728CFB0E500FEAEA0 /* MainCoordinator.swift */,
			);
			path = Coordinators;
			sourceTree = "<group>";
		};
		60373D238E30AAE13152AA64 /* Endpoints */ = {
			isa = PBXGroup;
			children = (
				60373D3B138BDC3C03BB7D38 /* AllCharacters.swift */,
			);
			path = Endpoints;
			sourceTree = "<group>";
		};
		8841BB37792A2E0F2299247A /* Pods */ = {
			isa = PBXGroup;
			children = (
				B578C927CD7A5F1B6E126755 /* Pods-DisneyCharApp.debug.xcconfig */,
				3A40F66A7376CE36DFDA67C0 /* Pods-DisneyCharApp.release.xcconfig */,
				0616ED273F399D84C732CA96 /* Pods-DisneyCharApp-DisneyCharAppUITests.debug.xcconfig */,
				594FE3F17AA2B47B8798BBB3 /* Pods-DisneyCharApp-DisneyCharAppUITests.release.xcconfig */,
				8E8637F74AA8511FAE6A9293 /* Pods-DisneyCharAppTests.debug.xcconfig */,
				478105AC272BA72E35BDC2D2 /* Pods-DisneyCharAppTests.release.xcconfig */,
			);
			path = Pods;
			sourceTree = "<group>";
		};
		CBFB31F9E9553C409F272E97 /* Frameworks */ = {
			isa = PBXGroup;
			children = (
				9BD98CD8038548ED2F6D79A7 /* Pods_DisneyCharApp.framework */,
				84B4FFA447817DD31AD45C4F /* Pods_DisneyCharApp_DisneyCharAppUITests.framework */,
				B02C2815FAE0B3FA9C45320C /* Pods_DisneyCharAppTests.framework */,
			);
			name = Frameworks;
			sourceTree = "<group>";
		};
/* End PBXGroup section */

/* Begin PBXNativeTarget section */
		3B0C2CDE28CFA84300D207B1 /* DisneyCharApp */ = {
			isa = PBXNativeTarget;
			buildConfigurationList = 3B0C2D0928CFA84800D207B1 /* Build configuration list for PBXNativeTarget "DisneyCharApp" */;
			buildPhases = (
				7B93F847EE1301B199B951DB /* [CP] Check Pods Manifest.lock */,
				3B0C2CDB28CFA84300D207B1 /* Sources */,
				3B0C2CDC28CFA84300D207B1 /* Frameworks */,
				3B0C2CDD28CFA84300D207B1 /* Resources */,
				58A53BF47657AB6AF8511A89 /* [CP] Embed Pods Frameworks */,
			);
			buildRules = (
			);
			dependencies = (
			);
			name = DisneyCharApp;
			productName = DisneyCharApp;
			productReference = 3B0C2CDF28CFA84300D207B1 /* DisneyCharApp.app */;
			productType = "com.apple.product-type.application";
		};
		3B0C2CF428CFA84800D207B1 /* DisneyCharAppTests */ = {
			isa = PBXNativeTarget;
			buildConfigurationList = 3B0C2D0C28CFA84800D207B1 /* Build configuration list for PBXNativeTarget "DisneyCharAppTests" */;
			buildPhases = (
				EECF86B544A4CDD8318B0B30 /* [CP] Check Pods Manifest.lock */,
				3B0C2CF128CFA84800D207B1 /* Sources */,
				3B0C2CF228CFA84800D207B1 /* Frameworks */,
				3B0C2CF328CFA84800D207B1 /* Resources */,
			);
			buildRules = (
			);
			dependencies = (
				3B0C2CF728CFA84800D207B1 /* PBXTargetDependency */,
			);
			name = DisneyCharAppTests;
			productName = DisneyCharAppTests;
			productReference = 3B0C2CF528CFA84800D207B1 /* DisneyCharAppTests.xctest */;
			productType = "com.apple.product-type.bundle.unit-test";
		};
		3B0C2CFE28CFA84800D207B1 /* DisneyCharAppUITests */ = {
			isa = PBXNativeTarget;
			buildConfigurationList = 3B0C2D0F28CFA84800D207B1 /* Build configuration list for PBXNativeTarget "DisneyCharAppUITests" */;
			buildPhases = (
				D3017036B3D429CFBC691120 /* [CP] Check Pods Manifest.lock */,
				3B0C2CFB28CFA84800D207B1 /* Sources */,
				3B0C2CFC28CFA84800D207B1 /* Frameworks */,
				3B0C2CFD28CFA84800D207B1 /* Resources */,
				8C097593042B4343304F6551 /* [CP] Embed Pods Frameworks */,
			);
			buildRules = (
			);
			dependencies = (
				3B0C2D0128CFA84800D207B1 /* PBXTargetDependency */,
			);
			name = DisneyCharAppUITests;
			productName = DisneyCharAppUITests;
			productReference = 3B0C2CFF28CFA84800D207B1 /* DisneyCharAppUITests.xctest */;
			productType = "com.apple.product-type.bundle.ui-testing";
		};
/* End PBXNativeTarget section */

/* Begin PBXProject section */
		3B0C2CD728CFA84300D207B1 /* Project object */ = {
			isa = PBXProject;
			attributes = {
				BuildIndependentTargetsInParallel = 1;
				LastSwiftUpdateCheck = 1320;
				LastUpgradeCheck = 1320;
				TargetAttributes = {
					3B0C2CDE28CFA84300D207B1 = {
						CreatedOnToolsVersion = 13.2;
					};
					3B0C2CF428CFA84800D207B1 = {
						CreatedOnToolsVersion = 13.2;
						TestTargetID = 3B0C2CDE28CFA84300D207B1;
					};
					3B0C2CFE28CFA84800D207B1 = {
						CreatedOnToolsVersion = 13.2;
						TestTargetID = 3B0C2CDE28CFA84300D207B1;
					};
				};
			};
			buildConfigurationList = 3B0C2CDA28CFA84300D207B1 /* Build configuration list for PBXProject "DisneyCharApp" */;
			compatibilityVersion = "Xcode 13.0";
			developmentRegion = en;
			hasScannedForEncodings = 0;
			knownRegions = (
				en,
				Base,
			);
			mainGroup = 3B0C2CD628CFA84300D207B1;
			productRefGroup = 3B0C2CE028CFA84300D207B1 /* Products */;
			projectDirPath = "";
			projectRoot = "";
			targets = (
				3B0C2CDE28CFA84300D207B1 /* DisneyCharApp */,
				3B0C2CF428CFA84800D207B1 /* DisneyCharAppTests */,
				3B0C2CFE28CFA84800D207B1 /* DisneyCharAppUITests */,
			);
		};
/* End PBXProject section */

/* Begin PBXResourcesBuildPhase section */
		3B0C2CDD28CFA84300D207B1 /* Resources */ = {
			isa = PBXResourcesBuildPhase;
			buildActionMask = 2147483647;
			files = (
				3B0C2CEF28CFA84700D207B1 /* LaunchScreen.storyboard in Resources */,
				3B0C2CEC28CFA84700D207B1 /* Assets.xcassets in Resources */,
				3B9E90E328CFD9F5009BC5A5 /* CharacterViewCell.xib in Resources */,
				3B0C2CEA28CFA84300D207B1 /* Main.storyboard in Resources */,
			);
			runOnlyForDeploymentPostprocessing = 0;
		};
		3B0C2CF328CFA84800D207B1 /* Resources */ = {
			isa = PBXResourcesBuildPhase;
			buildActionMask = 2147483647;
			files = (
			);
			runOnlyForDeploymentPostprocessing = 0;
		};
		3B0C2CFD28CFA84800D207B1 /* Resources */ = {
			isa = PBXResourcesBuildPhase;
			buildActionMask = 2147483647;
			files = (
			);
			runOnlyForDeploymentPostprocessing = 0;
		};
/* End PBXResourcesBuildPhase section */

/* Begin PBXShellScriptBuildPhase section */
		58A53BF47657AB6AF8511A89 /* [CP] Embed Pods Frameworks */ = {
			isa = PBXShellScriptBuildPhase;
			buildActionMask = 2147483647;
			files = (
			);
			inputFileListPaths = (
				"${PODS_ROOT}/Target Support Files/Pods-DisneyCharApp/Pods-DisneyCharApp-frameworks-${CONFIGURATION}-input-files.xcfilelist",
			);
			name = "[CP] Embed Pods Frameworks";
			outputFileListPaths = (
				"${PODS_ROOT}/Target Support Files/Pods-DisneyCharApp/Pods-DisneyCharApp-frameworks-${CONFIGURATION}-output-files.xcfilelist",
			);
			runOnlyForDeploymentPostprocessing = 0;
			shellPath = /bin/sh;
			shellScript = "\"${PODS_ROOT}/Target Support Files/Pods-DisneyCharApp/Pods-DisneyCharApp-frameworks.sh\"\n";
			showEnvVarsInLog = 0;
		};
		7B93F847EE1301B199B951DB /* [CP] Check Pods Manifest.lock */ = {
			isa = PBXShellScriptBuildPhase;
			buildActionMask = 2147483647;
			files = (
			);
			inputFileListPaths = (
			);
			inputPaths = (
				"${PODS_PODFILE_DIR_PATH}/Podfile.lock",
				"${PODS_ROOT}/Manifest.lock",
			);
			name = "[CP] Check Pods Manifest.lock";
			outputFileListPaths = (
			);
			outputPaths = (
				"$(DERIVED_FILE_DIR)/Pods-DisneyCharApp-checkManifestLockResult.txt",
			);
			runOnlyForDeploymentPostprocessing = 0;
			shellPath = /bin/sh;
			shellScript = "diff \"${PODS_PODFILE_DIR_PATH}/Podfile.lock\" \"${PODS_ROOT}/Manifest.lock\" > /dev/null\nif [ $? != 0 ] ; then\n    # print error to STDERR\n    echo \"error: The sandbox is not in sync with the Podfile.lock. Run 'pod install' or update your CocoaPods installation.\" >&2\n    exit 1\nfi\n# This output is used by Xcode 'outputs' to avoid re-running this script phase.\necho \"SUCCESS\" > \"${SCRIPT_OUTPUT_FILE_0}\"\n";
			showEnvVarsInLog = 0;
		};
		8C097593042B4343304F6551 /* [CP] Embed Pods Frameworks */ = {
			isa = PBXShellScriptBuildPhase;
			buildActionMask = 2147483647;
			files = (
			);
			inputFileListPaths = (
				"${PODS_ROOT}/Target Support Files/Pods-DisneyCharApp-DisneyCharAppUITests/Pods-DisneyCharApp-DisneyCharAppUITests-frameworks-${CONFIGURATION}-input-files.xcfilelist",
			);
			name = "[CP] Embed Pods Frameworks";
			outputFileListPaths = (
				"${PODS_ROOT}/Target Support Files/Pods-DisneyCharApp-DisneyCharAppUITests/Pods-DisneyCharApp-DisneyCharAppUITests-frameworks-${CONFIGURATION}-output-files.xcfilelist",
			);
			runOnlyForDeploymentPostprocessing = 0;
			shellPath = /bin/sh;
			shellScript = "\"${PODS_ROOT}/Target Support Files/Pods-DisneyCharApp-DisneyCharAppUITests/Pods-DisneyCharApp-DisneyCharAppUITests-frameworks.sh\"\n";
			showEnvVarsInLog = 0;
		};
		D3017036B3D429CFBC691120 /* [CP] Check Pods Manifest.lock */ = {
			isa = PBXShellScriptBuildPhase;
			buildActionMask = 2147483647;
			files = (
			);
			inputFileListPaths = (
			);
			inputPaths = (
				"${PODS_PODFILE_DIR_PATH}/Podfile.lock",
				"${PODS_ROOT}/Manifest.lock",
			);
			name = "[CP] Check Pods Manifest.lock";
			outputFileListPaths = (
			);
			outputPaths = (
				"$(DERIVED_FILE_DIR)/Pods-DisneyCharApp-DisneyCharAppUITests-checkManifestLockResult.txt",
			);
			runOnlyForDeploymentPostprocessing = 0;
			shellPath = /bin/sh;
			shellScript = "diff \"${PODS_PODFILE_DIR_PATH}/Podfile.lock\" \"${PODS_ROOT}/Manifest.lock\" > /dev/null\nif [ $? != 0 ] ; then\n    # print error to STDERR\n    echo \"error: The sandbox is not in sync with the Podfile.lock. Run 'pod install' or update your CocoaPods installation.\" >&2\n    exit 1\nfi\n# This output is used by Xcode 'outputs' to avoid re-running this script phase.\necho \"SUCCESS\" > \"${SCRIPT_OUTPUT_FILE_0}\"\n";
			showEnvVarsInLog = 0;
		};
		EECF86B544A4CDD8318B0B30 /* [CP] Check Pods Manifest.lock */ = {
			isa = PBXShellScriptBuildPhase;
			buildActionMask = 2147483647;
			files = (
			);
			inputFileListPaths = (
			);
			inputPaths = (
				"${PODS_PODFILE_DIR_PATH}/Podfile.lock",
				"${PODS_ROOT}/Manifest.lock",
			);
			name = "[CP] Check Pods Manifest.lock";
			outputFileListPaths = (
			);
			outputPaths = (
				"$(DERIVED_FILE_DIR)/Pods-DisneyCharAppTests-checkManifestLockResult.txt",
			);
			runOnlyForDeploymentPostprocessing = 0;
			shellPath = /bin/sh;
			shellScript = "diff \"${PODS_PODFILE_DIR_PATH}/Podfile.lock\" \"${PODS_ROOT}/Manifest.lock\" > /dev/null\nif [ $? != 0 ] ; then\n    # print error to STDERR\n    echo \"error: The sandbox is not in sync with the Podfile.lock. Run 'pod install' or update your CocoaPods installation.\" >&2\n    exit 1\nfi\n# This output is used by Xcode 'outputs' to avoid re-running this script phase.\necho \"SUCCESS\" > \"${SCRIPT_OUTPUT_FILE_0}\"\n";
			showEnvVarsInLog = 0;
		};
/* End PBXShellScriptBuildPhase section */

/* Begin PBXSourcesBuildPhase section */
		3B0C2CDB28CFA84300D207B1 /* Sources */ = {
			isa = PBXSourcesBuildPhase;
			buildActionMask = 2147483647;
			files = (
				3B0C2CE728CFA84300D207B1 /* ViewController.swift in Sources */,
				3B9E90DE28CFD57B009BC5A5 /* ObjectDataSource.swift in Sources */,
				3B9E90E228CFD9F5009BC5A5 /* CharacterViewCell.swift in Sources */,
				3B9E90F328D0EB88009BC5A5 /* RequestBuilder.swift in Sources */,
				3BC9583828CFB0E500FEAEA0 /* MainCoordinator.swift in Sources */,
				3B9E90EB28D0E442009BC5A5 /* AppConfing.swift in Sources */,
				3B9E90E628D0DFE3009BC5A5 /* Characters.swift in Sources */,
				3B0C2CE328CFA84300D207B1 /* AppDelegate.swift in Sources */,
				3B9E90F728D0EC9A009BC5A5 /* APIError.swift in Sources */,
				3BC9583528CFB02700FEAEA0 /* Coordinator.swift in Sources */,
				3BC9583328CFB01500FEAEA0 /* Storyboarded.swift in Sources */,
				3BC9583A28CFB46A00FEAEA0 /* DetailViewController.swift in Sources */,
				3B9E90F128D0EAA6009BC5A5 /* APIService.swift in Sources */,
				3B9E90F528D0EBDF009BC5A5 /* APISession.swift in Sources */,
				6037343456A91ECCE069DF4B /* AllCharacters.swift in Sources */,
			);
			runOnlyForDeploymentPostprocessing = 0;
		};
		3B0C2CF128CFA84800D207B1 /* Sources */ = {
			isa = PBXSourcesBuildPhase;
			buildActionMask = 2147483647;
			files = (
				3B0C2CFA28CFA84800D207B1 /* DisneyCharAppTests.swift in Sources */,
			);
			runOnlyForDeploymentPostprocessing = 0;
		};
		3B0C2CFB28CFA84800D207B1 /* Sources */ = {
			isa = PBXSourcesBuildPhase;
			buildActionMask = 2147483647;
			files = (
				3B0C2D0628CFA84800D207B1 /* DisneyCharAppUITestsLaunchTests.swift in Sources */,
				3B0C2D0428CFA84800D207B1 /* DisneyCharAppUITests.swift in Sources */,
			);
			runOnlyForDeploymentPostprocessing = 0;
		};
/* End PBXSourcesBuildPhase section */

/* Begin PBXTargetDependency section */
		3B0C2CF728CFA84800D207B1 /* PBXTargetDependency */ = {
			isa = PBXTargetDependency;
			target = 3B0C2CDE28CFA84300D207B1 /* DisneyCharApp */;
			targetProxy = 3B0C2CF628CFA84800D207B1 /* PBXContainerItemProxy */;
		};
		3B0C2D0128CFA84800D207B1 /* PBXTargetDependency */ = {
			isa = PBXTargetDependency;
			target = 3B0C2CDE28CFA84300D207B1 /* DisneyCharApp */;
			targetProxy = 3B0C2D0028CFA84800D207B1 /* PBXContainerItemProxy */;
		};
/* End PBXTargetDependency section */

/* Begin PBXVariantGroup section */
		3B0C2CE828CFA84300D207B1 /* Main.storyboard */ = {
			isa = PBXVariantGroup;
			children = (
				3B0C2CE928CFA84300D207B1 /* Base */,
			);
			name = Main.storyboard;
			sourceTree = "<group>";
		};
		3B0C2CED28CFA84700D207B1 /* LaunchScreen.storyboard */ = {
			isa = PBXVariantGroup;
			children = (
				3B0C2CEE28CFA84700D207B1 /* Base */,
			);
			name = LaunchScreen.storyboard;
			sourceTree = "<group>";
		};
/* End PBXVariantGroup section */

/* Begin XCBuildConfiguration section */
		3B0C2D0728CFA84800D207B1 /* Debug */ = {
			isa = XCBuildConfiguration;
			buildSettings = {
				ALWAYS_SEARCH_USER_PATHS = NO;
				CLANG_ANALYZER_NONNULL = YES;
				CLANG_ANALYZER_NUMBER_OBJECT_CONVERSION = YES_AGGRESSIVE;
				CLANG_CXX_LANGUAGE_STANDARD = "gnu++17";
				CLANG_CXX_LIBRARY = "libc++";
				CLANG_ENABLE_MODULES = YES;
				CLANG_ENABLE_OBJC_ARC = YES;
				CLANG_ENABLE_OBJC_WEAK = YES;
				CLANG_WARN_BLOCK_CAPTURE_AUTORELEASING = YES;
				CLANG_WARN_BOOL_CONVERSION = YES;
				CLANG_WARN_COMMA = YES;
				CLANG_WARN_CONSTANT_CONVERSION = YES;
				CLANG_WARN_DEPRECATED_OBJC_IMPLEMENTATIONS = YES;
				CLANG_WARN_DIRECT_OBJC_ISA_USAGE = YES_ERROR;
				CLANG_WARN_DOCUMENTATION_COMMENTS = YES;
				CLANG_WARN_EMPTY_BODY = YES;
				CLANG_WARN_ENUM_CONVERSION = YES;
				CLANG_WARN_INFINITE_RECURSION = YES;
				CLANG_WARN_INT_CONVERSION = YES;
				CLANG_WARN_NON_LITERAL_NULL_CONVERSION = YES;
				CLANG_WARN_OBJC_IMPLICIT_RETAIN_SELF = YES;
				CLANG_WARN_OBJC_LITERAL_CONVERSION = YES;
				CLANG_WARN_OBJC_ROOT_CLASS = YES_ERROR;
				CLANG_WARN_QUOTED_INCLUDE_IN_FRAMEWORK_HEADER = YES;
				CLANG_WARN_RANGE_LOOP_ANALYSIS = YES;
				CLANG_WARN_STRICT_PROTOTYPES = YES;
				CLANG_WARN_SUSPICIOUS_MOVE = YES;
				CLANG_WARN_UNGUARDED_AVAILABILITY = YES_AGGRESSIVE;
				CLANG_WARN_UNREACHABLE_CODE = YES;
				CLANG_WARN__DUPLICATE_METHOD_MATCH = YES;
				COPY_PHASE_STRIP = NO;
				DEBUG_INFORMATION_FORMAT = dwarf;
				ENABLE_STRICT_OBJC_MSGSEND = YES;
				ENABLE_TESTABILITY = YES;
				GCC_C_LANGUAGE_STANDARD = gnu11;
				GCC_DYNAMIC_NO_PIC = NO;
				GCC_NO_COMMON_BLOCKS = YES;
				GCC_OPTIMIZATION_LEVEL = 0;
				GCC_PREPROCESSOR_DEFINITIONS = (
					"DEBUG=1",
					"$(inherited)",
				);
				GCC_WARN_64_TO_32_BIT_CONVERSION = YES;
				GCC_WARN_ABOUT_RETURN_TYPE = YES_ERROR;
				GCC_WARN_UNDECLARED_SELECTOR = YES;
				GCC_WARN_UNINITIALIZED_AUTOS = YES_AGGRESSIVE;
				GCC_WARN_UNUSED_FUNCTION = YES;
				GCC_WARN_UNUSED_VARIABLE = YES;
				IPHONEOS_DEPLOYMENT_TARGET = 15.2;
				MTL_ENABLE_DEBUG_INFO = INCLUDE_SOURCE;
				MTL_FAST_MATH = YES;
				ONLY_ACTIVE_ARCH = YES;
				SDKROOT = iphoneos;
				SWIFT_ACTIVE_COMPILATION_CONDITIONS = DEBUG;
				SWIFT_OPTIMIZATION_LEVEL = "-Onone";
			};
			name = Debug;
		};
		3B0C2D0828CFA84800D207B1 /* Release */ = {
			isa = XCBuildConfiguration;
			buildSettings = {
				ALWAYS_SEARCH_USER_PATHS = NO;
				CLANG_ANALYZER_NONNULL = YES;
				CLANG_ANALYZER_NUMBER_OBJECT_CONVERSION = YES_AGGRESSIVE;
				CLANG_CXX_LANGUAGE_STANDARD = "gnu++17";
				CLANG_CXX_LIBRARY = "libc++";
				CLANG_ENABLE_MODULES = YES;
				CLANG_ENABLE_OBJC_ARC = YES;
				CLANG_ENABLE_OBJC_WEAK = YES;
				CLANG_WARN_BLOCK_CAPTURE_AUTORELEASING = YES;
				CLANG_WARN_BOOL_CONVERSION = YES;
				CLANG_WARN_COMMA = YES;
				CLANG_WARN_CONSTANT_CONVERSION = YES;
				CLANG_WARN_DEPRECATED_OBJC_IMPLEMENTATIONS = YES;
				CLANG_WARN_DIRECT_OBJC_ISA_USAGE = YES_ERROR;
				CLANG_WARN_DOCUMENTATION_COMMENTS = YES;
				CLANG_WARN_EMPTY_BODY = YES;
				CLANG_WARN_ENUM_CONVERSION = YES;
				CLANG_WARN_INFINITE_RECURSION = YES;
				CLANG_WARN_INT_CONVERSION = YES;
				CLANG_WARN_NON_LITERAL_NULL_CONVERSION = YES;
				CLANG_WARN_OBJC_IMPLICIT_RETAIN_SELF = YES;
				CLANG_WARN_OBJC_LITERAL_CONVERSION = YES;
				CLANG_WARN_OBJC_ROOT_CLASS = YES_ERROR;
				CLANG_WARN_QUOTED_INCLUDE_IN_FRAMEWORK_HEADER = YES;
				CLANG_WARN_RANGE_LOOP_ANALYSIS = YES;
				CLANG_WARN_STRICT_PROTOTYPES = YES;
				CLANG_WARN_SUSPICIOUS_MOVE = YES;
				CLANG_WARN_UNGUARDED_AVAILABILITY = YES_AGGRESSIVE;
				CLANG_WARN_UNREACHABLE_CODE = YES;
				CLANG_WARN__DUPLICATE_METHOD_MATCH = YES;
				COPY_PHASE_STRIP = NO;
				DEBUG_INFORMATION_FORMAT = "dwarf-with-dsym";
				ENABLE_NS_ASSERTIONS = NO;
				ENABLE_STRICT_OBJC_MSGSEND = YES;
				GCC_C_LANGUAGE_STANDARD = gnu11;
				GCC_NO_COMMON_BLOCKS = YES;
				GCC_WARN_64_TO_32_BIT_CONVERSION = YES;
				GCC_WARN_ABOUT_RETURN_TYPE = YES_ERROR;
				GCC_WARN_UNDECLARED_SELECTOR = YES;
				GCC_WARN_UNINITIALIZED_AUTOS = YES_AGGRESSIVE;
				GCC_WARN_UNUSED_FUNCTION = YES;
				GCC_WARN_UNUSED_VARIABLE = YES;
				IPHONEOS_DEPLOYMENT_TARGET = 15.2;
				MTL_ENABLE_DEBUG_INFO = NO;
				MTL_FAST_MATH = YES;
				SDKROOT = iphoneos;
				SWIFT_COMPILATION_MODE = wholemodule;
				SWIFT_OPTIMIZATION_LEVEL = "-O";
				VALIDATE_PRODUCT = YES;
			};
			name = Release;
		};
		3B0C2D0A28CFA84800D207B1 /* Debug */ = {
			isa = XCBuildConfiguration;
			baseConfigurationReference = B578C927CD7A5F1B6E126755 /* Pods-DisneyCharApp.debug.xcconfig */;
			buildSettings = {
				ASSETCATALOG_COMPILER_APPICON_NAME = AppIcon;
				ASSETCATALOG_COMPILER_GLOBAL_ACCENT_COLOR_NAME = AccentColor;
				BASE_URL = "https://api.disneyapi.dev/";
				CODE_SIGN_STYLE = Automatic;
				CURRENT_PROJECT_VERSION = 1;
				DEVELOPMENT_TEAM = 9Z5D3ZTJQV;
				GENERATE_INFOPLIST_FILE = YES;
				INFOPLIST_FILE = DisneyCharApp/Info.plist;
				INFOPLIST_KEY_UIApplicationSupportsIndirectInputEvents = YES;
				INFOPLIST_KEY_UILaunchStoryboardName = LaunchScreen;
				INFOPLIST_KEY_UISupportedInterfaceOrientations_iPad = "UIInterfaceOrientationPortrait UIInterfaceOrientationPortraitUpsideDown UIInterfaceOrientationLandscapeLeft UIInterfaceOrientationLandscapeRight";
				INFOPLIST_KEY_UISupportedInterfaceOrientations_iPhone = "UIInterfaceOrientationPortrait UIInterfaceOrientationLandscapeLeft UIInterfaceOrientationLandscapeRight";
				LD_RUNPATH_SEARCH_PATHS = (
					"$(inherited)",
					"@executable_path/Frameworks",
				);
				MARKETING_VERSION = 1.0;
				PRODUCT_BUNDLE_IDENTIFIER = com.jakucermak.DisneyCharApp;
				PRODUCT_NAME = "$(TARGET_NAME)";
				SWIFT_EMIT_LOC_STRINGS = YES;
				SWIFT_VERSION = 5.0;
				TARGETED_DEVICE_FAMILY = "1,2";
			};
			name = Debug;
		};
		3B0C2D0B28CFA84800D207B1 /* Release */ = {
			isa = XCBuildConfiguration;
			baseConfigurationReference = 3A40F66A7376CE36DFDA67C0 /* Pods-DisneyCharApp.release.xcconfig */;
			buildSettings = {
				ASSETCATALOG_COMPILER_APPICON_NAME = AppIcon;
				ASSETCATALOG_COMPILER_GLOBAL_ACCENT_COLOR_NAME = AccentColor;
				BASE_URL = "https://api.disneyapi.dev/";
				CODE_SIGN_STYLE = Automatic;
				CURRENT_PROJECT_VERSION = 1;
				DEVELOPMENT_TEAM = 9Z5D3ZTJQV;
				GENERATE_INFOPLIST_FILE = YES;
				INFOPLIST_FILE = DisneyCharApp/Info.plist;
				INFOPLIST_KEY_UIApplicationSupportsIndirectInputEvents = YES;
				INFOPLIST_KEY_UILaunchStoryboardName = LaunchScreen;
				INFOPLIST_KEY_UISupportedInterfaceOrientations_iPad = "UIInterfaceOrientationPortrait UIInterfaceOrientationPortraitUpsideDown UIInterfaceOrientationLandscapeLeft UIInterfaceOrientationLandscapeRight";
				INFOPLIST_KEY_UISupportedInterfaceOrientations_iPhone = "UIInterfaceOrientationPortrait UIInterfaceOrientationLandscapeLeft UIInterfaceOrientationLandscapeRight";
				LD_RUNPATH_SEARCH_PATHS = (
					"$(inherited)",
					"@executable_path/Frameworks",
				);
				MARKETING_VERSION = 1.0;
				PRODUCT_BUNDLE_IDENTIFIER = com.jakucermak.DisneyCharApp;
				PRODUCT_NAME = "$(TARGET_NAME)";
				SWIFT_EMIT_LOC_STRINGS = YES;
				SWIFT_VERSION = 5.0;
				TARGETED_DEVICE_FAMILY = "1,2";
			};
			name = Release;
		};
		3B0C2D0D28CFA84800D207B1 /* Debug */ = {
			isa = XCBuildConfiguration;
			baseConfigurationReference = 8E8637F74AA8511FAE6A9293 /* Pods-DisneyCharAppTests.debug.xcconfig */;
			buildSettings = {
				ALWAYS_EMBED_SWIFT_STANDARD_LIBRARIES = YES;
				BUNDLE_LOADER = "$(TEST_HOST)";
				CODE_SIGN_STYLE = Automatic;
				CURRENT_PROJECT_VERSION = 1;
				DEVELOPMENT_TEAM = 9Z5D3ZTJQV;
				GENERATE_INFOPLIST_FILE = YES;
				IPHONEOS_DEPLOYMENT_TARGET = 15.2;
				MARKETING_VERSION = 1.0;
				PRODUCT_BUNDLE_IDENTIFIER = com.jakucermak.DisneyCharAppTests;
				PRODUCT_NAME = "$(TARGET_NAME)";
				SWIFT_EMIT_LOC_STRINGS = NO;
				SWIFT_VERSION = 5.0;
				TARGETED_DEVICE_FAMILY = "1,2";
				TEST_HOST = "$(BUILT_PRODUCTS_DIR)/DisneyCharApp.app/DisneyCharApp";
			};
			name = Debug;
		};
		3B0C2D0E28CFA84800D207B1 /* Release */ = {
			isa = XCBuildConfiguration;
			baseConfigurationReference = 478105AC272BA72E35BDC2D2 /* Pods-DisneyCharAppTests.release.xcconfig */;
			buildSettings = {
				ALWAYS_EMBED_SWIFT_STANDARD_LIBRARIES = YES;
				BUNDLE_LOADER = "$(TEST_HOST)";
				CODE_SIGN_STYLE = Automatic;
				CURRENT_PROJECT_VERSION = 1;
				DEVELOPMENT_TEAM = 9Z5D3ZTJQV;
				GENERATE_INFOPLIST_FILE = YES;
				IPHONEOS_DEPLOYMENT_TARGET = 15.2;
				MARKETING_VERSION = 1.0;
				PRODUCT_BUNDLE_IDENTIFIER = com.jakucermak.DisneyCharAppTests;
				PRODUCT_NAME = "$(TARGET_NAME)";
				SWIFT_EMIT_LOC_STRINGS = NO;
				SWIFT_VERSION = 5.0;
				TARGETED_DEVICE_FAMILY = "1,2";
				TEST_HOST = "$(BUILT_PRODUCTS_DIR)/DisneyCharApp.app/DisneyCharApp";
			};
			name = Release;
		};
		3B0C2D1028CFA84800D207B1 /* Debug */ = {
			isa = XCBuildConfiguration;
			baseConfigurationReference = 0616ED273F399D84C732CA96 /* Pods-DisneyCharApp-DisneyCharAppUITests.debug.xcconfig */;
			buildSettings = {
				ALWAYS_EMBED_SWIFT_STANDARD_LIBRARIES = YES;
				CODE_SIGN_STYLE = Automatic;
				CURRENT_PROJECT_VERSION = 1;
				DEVELOPMENT_TEAM = 9Z5D3ZTJQV;
				GENERATE_INFOPLIST_FILE = YES;
				MARKETING_VERSION = 1.0;
				PRODUCT_BUNDLE_IDENTIFIER = com.jakucermak.DisneyCharAppUITests;
				PRODUCT_NAME = "$(TARGET_NAME)";
				SWIFT_EMIT_LOC_STRINGS = NO;
				SWIFT_VERSION = 5.0;
				TARGETED_DEVICE_FAMILY = "1,2";
				TEST_TARGET_NAME = DisneyCharApp;
			};
			name = Debug;
		};
		3B0C2D1128CFA84800D207B1 /* Release */ = {
			isa = XCBuildConfiguration;
			baseConfigurationReference = 594FE3F17AA2B47B8798BBB3 /* Pods-DisneyCharApp-DisneyCharAppUITests.release.xcconfig */;
			buildSettings = {
				ALWAYS_EMBED_SWIFT_STANDARD_LIBRARIES = YES;
				CODE_SIGN_STYLE = Automatic;
				CURRENT_PROJECT_VERSION = 1;
				DEVELOPMENT_TEAM = 9Z5D3ZTJQV;
				GENERATE_INFOPLIST_FILE = YES;
				MARKETING_VERSION = 1.0;
				PRODUCT_BUNDLE_IDENTIFIER = com.jakucermak.DisneyCharAppUITests;
				PRODUCT_NAME = "$(TARGET_NAME)";
				SWIFT_EMIT_LOC_STRINGS = NO;
				SWIFT_VERSION = 5.0;
				TARGETED_DEVICE_FAMILY = "1,2";
				TEST_TARGET_NAME = DisneyCharApp;
			};
			name = Release;
		};
/* End XCBuildConfiguration section */

/* Begin XCConfigurationList section */
		3B0C2CDA28CFA84300D207B1 /* Build configuration list for PBXProject "DisneyCharApp" */ = {
			isa = XCConfigurationList;
			buildConfigurations = (
				3B0C2D0728CFA84800D207B1 /* Debug */,
				3B0C2D0828CFA84800D207B1 /* Release */,
			);
			defaultConfigurationIsVisible = 0;
			defaultConfigurationName = Release;
		};
		3B0C2D0928CFA84800D207B1 /* Build configuration list for PBXNativeTarget "DisneyCharApp" */ = {
			isa = XCConfigurationList;
			buildConfigurations = (
				3B0C2D0A28CFA84800D207B1 /* Debug */,
				3B0C2D0B28CFA84800D207B1 /* Release */,
			);
			defaultConfigurationIsVisible = 0;
			defaultConfigurationName = Release;
		};
		3B0C2D0C28CFA84800D207B1 /* Build configuration list for PBXNativeTarget "DisneyCharAppTests" */ = {
			isa = XCConfigurationList;
			buildConfigurations = (
				3B0C2D0D28CFA84800D207B1 /* Debug */,
				3B0C2D0E28CFA84800D207B1 /* Release */,
			);
			defaultConfigurationIsVisible = 0;
			defaultConfigurationName = Release;
		};
		3B0C2D0F28CFA84800D207B1 /* Build configuration list for PBXNativeTarget "DisneyCharAppUITests" */ = {
			isa = XCConfigurationList;
			buildConfigurations = (
				3B0C2D1028CFA84800D207B1 /* Debug */,
				3B0C2D1128CFA84800D207B1 /* Release */,
			);
			defaultConfigurationIsVisible = 0;
			defaultConfigurationName = Release;
		};
/* End XCConfigurationList section */
	};
	rootObject = 3B0C2CD728CFA84300D207B1 /* Project object */;
}
